{
  "version": 4,
  "terraform_version": "1.4.4",
  "serial": 59,
  "lineage": "14794563-970a-7b41-8b12-98d9e1c701a6",
  "outputs": {},
  "resources": [
    {
      "mode": "managed",
      "type": "aws_dynamodb_table",
      "name": "tf-state-lock",
      "provider": "provider[\"registry.terraform.io/hashicorp/aws\"].state",
      "instances": [
        {
          "schema_version": 1,
          "attributes": {
            "arn": "arn:aws:dynamodb:us-east-1:410052665018:table/development-alpha-tf-state-lock",
            "attribute": [
              {
                "name": "LockID",
                "type": "S"
              }
            ],
            "billing_mode": "PROVISIONED",
            "global_secondary_index": [],
            "hash_key": "LockID",
            "id": "development-alpha-tf-state-lock",
            "local_secondary_index": [],
            "name": "development-alpha-tf-state-lock",
            "point_in_time_recovery": [
              {
                "enabled": false
              }
            ],
            "range_key": null,
            "read_capacity": 20,
            "replica": [],
            "restore_date_time": null,
            "restore_source_name": null,
            "restore_to_latest_time": null,
            "server_side_encryption": [],
            "stream_arn": "",
            "stream_enabled": false,
            "stream_label": "",
            "stream_view_type": "",
            "table_class": "",
            "tags": {
              "AssetID": "1000",
              "AssetName": "INFRA",
              "CreateBy": "Terraform",
              "Environment": "dev",
              "Project": "alpha",
              "Teams": "DEL",
              "cloudProvider": "aws"
            },
            "tags_all": {
              "AssetID": "1000",
              "AssetName": "INFRA",
              "CreateBy": "Terraform",
              "Environment": "dev",
              "Project": "alpha",
              "Teams": "DEL",
              "cloudProvider": "aws"
            },
            "timeouts": null,
            "ttl": [
              {
                "attribute_name": "",
                "enabled": false
              }
            ],
            "write_capacity": 20
          },
          "sensitive_attributes": [],
          "private": "eyJlMmJmYjczMC1lY2FhLTExZTYtOGY4OC0zNDM2M2JjN2M0YzAiOnsiY3JlYXRlIjoxODAwMDAwMDAwMDAwLCJkZWxldGUiOjYwMDAwMDAwMDAwMCwidXBkYXRlIjozNjAwMDAwMDAwMDAwfSwic2NoZW1hX3ZlcnNpb24iOiIxIn0="
        }
      ]
    },
    {
      "mode": "managed",
      "type": "aws_iam_policy",
      "name": "replication",
      "provider": "provider[\"registry.terraform.io/hashicorp/aws\"].state",
      "instances": [
        {
          "schema_version": 0,
          "attributes": {
            "arn": "arn:aws:iam::410052665018:policy/tf-iam-policy-replication",
            "description": "",
            "id": "arn:aws:iam::410052665018:policy/tf-iam-policy-replication",
            "name": "tf-iam-policy-replication",
            "name_prefix": null,
            "path": "/",
            "policy": "{\"Statement\":[{\"Action\":[\"s3:GetReplicationConfiguration\",\"s3:ListBucket\"],\"Effect\":\"Allow\",\"Resource\":[\"arn:aws:s3:::development-alpha-tf-state\"]},{\"Action\":[\"s3:GetObjectVersionForReplication\",\"s3:GetObjectVersionAcl\",\"s3:GetObjectVersionTagging\"],\"Effect\":\"Allow\",\"Resource\":[\"arn:aws:s3:::development-alpha-tf-state/*\"]},{\"Action\":[\"s3:ReplicateObject\",\"s3:ReplicateDelete\",\"s3:ReplicateTags\"],\"Effect\":\"Allow\",\"Resource\":\"arn:aws:s3:::development-alpha-tf-state-backup/*\"}],\"Version\":\"2012-10-17\"}",
            "policy_id": "ANPAV66ILD25ENXL5DK4O",
            "tags": null,
            "tags_all": {}
          },
          "sensitive_attributes": [],
          "private": "bnVsbA==",
          "dependencies": [
            "aws_iam_role.replication",
            "aws_s3_bucket.backup",
            "aws_s3_bucket.state"
          ]
        }
      ]
    },
    {
      "mode": "managed",
      "type": "aws_iam_policy_attachment",
      "name": "replication",
      "provider": "provider[\"registry.terraform.io/hashicorp/aws\"].state",
      "instances": [
        {
          "schema_version": 0,
          "attributes": {
            "groups": null,
            "id": "tf-iam-role-attachement-replication",
            "name": "tf-iam-role-attachement-replication",
            "policy_arn": "arn:aws:iam::410052665018:policy/tf-iam-policy-replication",
            "roles": [
              "tf-iam-role-replication"
            ],
            "users": null
          },
          "sensitive_attributes": [],
          "private": "bnVsbA==",
          "dependencies": [
            "aws_iam_policy.replication",
            "aws_iam_role.replication",
            "aws_s3_bucket.backup",
            "aws_s3_bucket.state"
          ]
        }
      ]
    },
    {
      "mode": "managed",
      "type": "aws_iam_role",
      "name": "replication",
      "provider": "provider[\"registry.terraform.io/hashicorp/aws\"].state",
      "instances": [
        {
          "schema_version": 0,
          "attributes": {
            "arn": "arn:aws:iam::410052665018:role/tf-iam-role-replication",
            "assume_role_policy": "{\"Version\":\"2012-10-17\",\"Statement\":[{\"Sid\":\"\",\"Effect\":\"Allow\",\"Principal\":{\"Service\":\"s3.amazonaws.com\"},\"Action\":\"sts:AssumeRole\"}]}",
            "create_date": "2023-04-29T02:01:25Z",
            "description": "",
            "force_detach_policies": false,
            "id": "tf-iam-role-replication",
            "inline_policy": [
              {
                "name": "",
                "policy": ""
              }
            ],
            "managed_policy_arns": [],
            "max_session_duration": 3600,
            "name": "tf-iam-role-replication",
            "name_prefix": "",
            "path": "/",
            "permissions_boundary": null,
            "tags": {
              "AssetID": "1000",
              "AssetName": "INFRA",
              "CreateBy": "Terraform",
              "Environment": "dev",
              "Project": "alpha",
              "Teams": "DEL",
              "cloudProvider": "aws"
            },
            "tags_all": {
              "AssetID": "1000",
              "AssetName": "INFRA",
              "CreateBy": "Terraform",
              "Environment": "dev",
              "Project": "alpha",
              "Teams": "DEL",
              "cloudProvider": "aws"
            },
            "unique_id": "AROAV66ILD25BC5ZD6RZF"
          },
          "sensitive_attributes": [],
          "private": "bnVsbA=="
        }
      ]
    },
    {
      "mode": "managed",
      "type": "aws_s3_bucket",
      "name": "backup",
      "provider": "provider[\"registry.terraform.io/hashicorp/aws\"].backup",
      "instances": [
        {
          "schema_version": 0,
          "attributes": {
            "acceleration_status": "",
            "acl": "private",
            "arn": "arn:aws:s3:::development-alpha-tf-state-backup",
            "bucket": "development-alpha-tf-state-backup",
            "bucket_domain_name": "development-alpha-tf-state-backup.s3.amazonaws.com",
            "bucket_prefix": null,
            "bucket_regional_domain_name": "development-alpha-tf-state-backup.s3.us-east-2.amazonaws.com",
            "cors_rule": [],
            "force_destroy": false,
            "grant": [],
            "hosted_zone_id": "Z2O1EMRO9K5GLX",
            "id": "development-alpha-tf-state-backup",
            "lifecycle_rule": [],
            "logging": [],
            "object_lock_configuration": [],
            "object_lock_enabled": false,
            "policy": null,
            "region": "us-east-2",
            "replication_configuration": [],
            "request_payer": "BucketOwner",
            "server_side_encryption_configuration": [
              {
                "rule": [
                  {
                    "apply_server_side_encryption_by_default": [
                      {
                        "kms_master_key_id": "",
                        "sse_algorithm": "AES256"
                      }
                    ],
                    "bucket_key_enabled": false
                  }
                ]
              }
            ],
            "tags": {
              "AssetID": "1000",
              "AssetName": "INFRA",
              "CreateBy": "Terraform",
              "Environment": "dev",
              "Project": "alpha",
              "Teams": "DEL",
              "cloudProvider": "aws"
            },
            "tags_all": {
              "AssetID": "1000",
              "AssetName": "INFRA",
              "CreateBy": "Terraform",
              "Environment": "dev",
              "Project": "alpha",
              "Teams": "DEL",
              "cloudProvider": "aws"
            },
            "versioning": [
              {
                "enabled": true,
                "mfa_delete": false
              }
            ],
            "website": [],
            "website_domain": null,
            "website_endpoint": null
          },
          "sensitive_attributes": [],
          "private": "bnVsbA=="
        }
      ]
    },
    {
      "mode": "managed",
      "type": "aws_s3_bucket",
      "name": "state",
      "provider": "provider[\"registry.terraform.io/hashicorp/aws\"].state",
      "instances": [
        {
          "schema_version": 0,
          "attributes": {
            "acceleration_status": "",
            "acl": "private",
            "arn": "arn:aws:s3:::development-alpha-tf-state",
            "bucket": "development-alpha-tf-state",
            "bucket_domain_name": "development-alpha-tf-state.s3.amazonaws.com",
            "bucket_prefix": null,
            "bucket_regional_domain_name": "development-alpha-tf-state.s3.amazonaws.com",
            "cors_rule": [],
            "force_destroy": false,
            "grant": [],
            "hosted_zone_id": "Z3AQBSTGFYJSTF",
            "id": "development-alpha-tf-state",
            "lifecycle_rule": [],
            "logging": [],
            "object_lock_configuration": [],
            "object_lock_enabled": false,
            "policy": null,
            "region": "us-east-1",
            "replication_configuration": [
              {
                "role": "arn:aws:iam::410052665018:role/tf-iam-role-replication",
                "rules": [
                  {
                    "delete_marker_replication_status": "",
                    "destination": [
                      {
                        "access_control_translation": [],
                        "account_id": "",
                        "bucket": "arn:aws:s3:::development-alpha-tf-state-backup",
                        "metrics": [],
                        "replica_kms_key_id": "",
                        "replication_time": [],
                        "storage_class": "STANDARD"
                      }
                    ],
                    "filter": [],
                    "id": "StateReplication",
                    "prefix": "",
                    "priority": null,
                    "source_selection_criteria": [],
                    "status": "Enabled"
                  }
                ]
              }
            ],
            "request_payer": "BucketOwner",
            "server_side_encryption_configuration": [
              {
                "rule": [
                  {
                    "apply_server_side_encryption_by_default": [
                      {
                        "kms_master_key_id": "",
                        "sse_algorithm": "AES256"
                      }
                    ],
                    "bucket_key_enabled": false
                  }
                ]
              }
            ],
            "tags": {
              "AssetID": "1000",
              "AssetName": "INFRA",
              "CreateBy": "Terraform",
              "Environment": "dev",
              "Project": "alpha",
              "Teams": "DEL",
              "cloudProvider": "aws"
            },
            "tags_all": {
              "AssetID": "1000",
              "AssetName": "INFRA",
              "CreateBy": "Terraform",
              "Environment": "dev",
              "Project": "alpha",
              "Teams": "DEL",
              "cloudProvider": "aws"
            },
            "versioning": [
              {
                "enabled": true,
                "mfa_delete": false
              }
            ],
            "website": [],
            "website_domain": null,
            "website_endpoint": null
          },
          "sensitive_attributes": [],
          "private": "bnVsbA==",
          "dependencies": [
            "aws_iam_role.replication",
            "aws_s3_bucket.backup"
          ]
        }
      ]
    }
  ],
  "check_results": null
}
